
Microsoft Visual Studio Solution File, Format Version 12.00
# Visual Studio Version 17
VisualStudioVersion = 17.14.37012.4 d17.14
MinimumVisualStudioVersion = 10.0.40219.1
Project("{FAE04EC0-301F-11D3-BF4B-00C04F79EFBC}") = "BeanSceneReservationSystemProject", "BeanSceneReservationSystemProject\BeanSceneReservationSystemProject.csproj", "{098F6CA5-14E4-47AE-B19A-C747746E4605}"
EndProject
Global
	GlobalSection(SolutionConfigurationPlatforms) = preSolution
		Debug|Any CPU = Debug|Any CPU
		Release|Any CPU = Release|Any CPU
	EndGlobalSection
	GlobalSection(ProjectConfigurationPlatforms) = postSolution
		{098F6CA5-14E4-47AE-B19A-C747746E4605}.Debug|Any CPU.ActiveCfg = Debug|Any CPU
		{098F6CA5-14E4-47AE-B19A-C747746E4605}.Debug|Any CPU.Build.0 = Debug|Any CPU
		{098F6CA5-14E4-47AE-B19A-C747746E4605}.Release|Any CPU.ActiveCfg = Release|Any CPU
		{098F6CA5-14E4-47AE-B19A-C747746E4605}.Release|Any CPU.Build.0 = Release|Any CPU
	EndGlobalSection
	GlobalSection(SolutionProperties) = preSolution
		HideSolutionNode = FALSE
	EndGlobalSection
	GlobalSection(ExtensibilityGlobals) = postSolution
		SolutionGuid = {0B3FD787-3355-4085-BCED-C9C5B4EFD481}
	EndGlobalSection
EndGlobal
